
Microsoft Visual Studio Solution File, Format Version 12.00
# Visual Studio Version 17
VisualStudioVersion = 17.3.32929.385
MinimumVisualStudioVersion = 10.0.40219.1
Project("{FAE04EC0-301F-11D3-BF4B-00C04F79EFBC}") = "tran1", "tran1\tran1.csproj", "{A899F308-0A53-42FE-A758-B5941CF4695B}"
EndProject
Global
	GlobalSection(SolutionConfigurationPlatforms) = preSolution
		Debug|Any CPU = Debug|Any CPU
		Release|Any CPU = Release|Any CPU
	EndGlobalSection
	GlobalSection(ProjectConfigurationPlatforms) = postSolution
		{A899F308-0A53-42FE-A758-B5941CF4695B}.Debug|Any CPU.ActiveCfg = Debug|Any CPU
		{A899F308-0A53-42FE-A758-B5941CF4695B}.Debug|Any CPU.Build.0 = Debug|Any CPU
		{A899F308-0A53-42FE-A758-B5941CF4695B}.Release|Any CPU.ActiveCfg = Release|Any CPU
		{A899F308-0A53-42FE-A758-B5941CF4695B}.Release|Any CPU.Build.0 = Release|Any CPU
	EndGlobalSection
	GlobalSection(SolutionProperties) = preSolution
		HideSolutionNode = FALSE
	EndGlobalSection
	GlobalSection(ExtensibilityGlobals) = postSolution
		SolutionGuid = {34AAA376-76E4-4083-AEF8-EE04A70F609B}
	EndGlobalSection
EndGlobal
